
Microsoft Visual Studio Solution File, Format Version 12.00
# Visual Studio Version 16
VisualStudioVersion = 16.0.31424.327
MinimumVisualStudioVersion = 10.0.40219.1
Project("{9A19103F-16F7-4668-BE54-9A1E7A4F7556}") = "Given.Core", "Given.Core\Given.Core.csproj", "{3D0711CD-8372-4950-9884-C2DD6F7B25C9}"
EndProject
Project("{9A19103F-16F7-4668-BE54-9A1E7A4F7556}") = "TestExample.Xunit", "TestExample.Xunit\TestExample.Xunit.csproj", "{FCD6518E-1B3A-4E9B-B40C-C57BA7C016FA}"
EndProject
Project("{FAE04EC0-301F-11D3-BF4B-00C04F79EFBC}") = "TestExample.Nunit", "TestExample.Nunit\TestExample.Nunit.csproj", "{73EF701D-24E4-45AB-ACF9-DADB648E4F1D}"
EndProject
Global
	GlobalSection(SolutionConfigurationPlatforms) = preSolution
		Debug|Any CPU = Debug|Any CPU
		Release|Any CPU = Release|Any CPU
	EndGlobalSection
	GlobalSection(ProjectConfigurationPlatforms) = postSolution
		{3D0711CD-8372-4950-9884-C2DD6F7B25C9}.Debug|Any CPU.ActiveCfg = Debug|Any CPU
		{3D0711CD-8372-4950-9884-C2DD6F7B25C9}.Debug|Any CPU.Build.0 = Debug|Any CPU
		{3D0711CD-8372-4950-9884-C2DD6F7B25C9}.Release|Any CPU.ActiveCfg = Release|Any CPU
		{3D0711CD-8372-4950-9884-C2DD6F7B25C9}.Release|Any CPU.Build.0 = Release|Any CPU
		{FCD6518E-1B3A-4E9B-B40C-C57BA7C016FA}.Debug|Any CPU.ActiveCfg = Debug|Any CPU
		{FCD6518E-1B3A-4E9B-B40C-C57BA7C016FA}.Debug|Any CPU.Build.0 = Debug|Any CPU
		{FCD6518E-1B3A-4E9B-B40C-C57BA7C016FA}.Release|Any CPU.ActiveCfg = Release|Any CPU
		{FCD6518E-1B3A-4E9B-B40C-C57BA7C016FA}.Release|Any CPU.Build.0 = Release|Any CPU
		{73EF701D-24E4-45AB-ACF9-DADB648E4F1D}.Debug|Any CPU.ActiveCfg = Debug|Any CPU
		{73EF701D-24E4-45AB-ACF9-DADB648E4F1D}.Debug|Any CPU.Build.0 = Debug|Any CPU
		{73EF701D-24E4-45AB-ACF9-DADB648E4F1D}.Release|Any CPU.ActiveCfg = Release|Any CPU
		{73EF701D-24E4-45AB-ACF9-DADB648E4F1D}.Release|Any CPU.Build.0 = Release|Any CPU
	EndGlobalSection
	GlobalSection(SolutionProperties) = preSolution
		HideSolutionNode = FALSE
	EndGlobalSection
	GlobalSection(ExtensibilityGlobals) = postSolution
		SolutionGuid = {D30F5A13-F390-4D4B-A126-101A7FE9EB59}
	EndGlobalSection
EndGlobal
